<Solution>
  <Project Path="Control/DDLiquid.API.csproj" Id="3e34a7f7-efb9-497b-ba0d-b1e01375468b" />
  <Project Path="DDLiquid.BusinessLogic/DDLiquidBusinessLogic.csproj" />
  <Project Path="DDLiquid.DataAccess/DDLiquid.DataAccess.csproj" Id="9216ef4e-afdd-4eea-8f44-c541fce62acd" />
  <Project Path="DDLiquid.Domain/DDLiquid.Domain.csproj" />
</Solution>
